
Microsoft Visual Studio Solution File, Format Version 12.00
# Visual Studio Version 16
VisualStudioVersion = 16.0.32106.194
MinimumVisualStudioVersion = 10.0.40219.1
Project("{9A19103F-16F7-4668-BE54-9A1E7A4F7556}") = "Lab1", "Lab1\Lab1.csproj", "{D7E158F8-D778-424F-9F9E-D037FB072C43}"
EndProject
Project("{9A19103F-16F7-4668-BE54-9A1E7A4F7556}") = "Lab3", "Lab3\Lab3.csproj", "{73E4A913-89BC-49C7-9451-FFDBFF4D8884}"
EndProject
Project("{9A19103F-16F7-4668-BE54-9A1E7A4F7556}") = "Lab2", "Lab2\Lab2.csproj", "{1DAF48D6-1D32-4F28-BD8B-49F692217481}"
EndProject
Project("{FAE04EC0-301F-11D3-BF4B-00C04F79EFBC}") = "Lab4", "Lab4\Lab4.csproj", "{70EF247D-0837-4BC4-8FED-84EF09F85489}"
EndProject
Global
	GlobalSection(SolutionConfigurationPlatforms) = preSolution
		Debug|Any CPU = Debug|Any CPU
		Release|Any CPU = Release|Any CPU
	EndGlobalSection
	GlobalSection(ProjectConfigurationPlatforms) = postSolution
		{D7E158F8-D778-424F-9F9E-D037FB072C43}.Debug|Any CPU.ActiveCfg = Debug|Any CPU
		{D7E158F8-D778-424F-9F9E-D037FB072C43}.Debug|Any CPU.Build.0 = Debug|Any CPU
		{D7E158F8-D778-424F-9F9E-D037FB072C43}.Release|Any CPU.ActiveCfg = Release|Any CPU
		{D7E158F8-D778-424F-9F9E-D037FB072C43}.Release|Any CPU.Build.0 = Release|Any CPU
		{73E4A913-89BC-49C7-9451-FFDBFF4D8884}.Debug|Any CPU.ActiveCfg = Debug|Any CPU
		{73E4A913-89BC-49C7-9451-FFDBFF4D8884}.Debug|Any CPU.Build.0 = Debug|Any CPU
		{73E4A913-89BC-49C7-9451-FFDBFF4D8884}.Release|Any CPU.ActiveCfg = Release|Any CPU
		{73E4A913-89BC-49C7-9451-FFDBFF4D8884}.Release|Any CPU.Build.0 = Release|Any CPU
		{1DAF48D6-1D32-4F28-BD8B-49F692217481}.Debug|Any CPU.ActiveCfg = Debug|Any CPU
		{1DAF48D6-1D32-4F28-BD8B-49F692217481}.Debug|Any CPU.Build.0 = Debug|Any CPU
		{1DAF48D6-1D32-4F28-BD8B-49F692217481}.Release|Any CPU.ActiveCfg = Release|Any CPU
		{1DAF48D6-1D32-4F28-BD8B-49F692217481}.Release|Any CPU.Build.0 = Release|Any CPU
		{70EF247D-0837-4BC4-8FED-84EF09F85489}.Debug|Any CPU.ActiveCfg = Debug|Any CPU
		{70EF247D-0837-4BC4-8FED-84EF09F85489}.Debug|Any CPU.Build.0 = Debug|Any CPU
		{70EF247D-0837-4BC4-8FED-84EF09F85489}.Release|Any CPU.ActiveCfg = Release|Any CPU
		{70EF247D-0837-4BC4-8FED-84EF09F85489}.Release|Any CPU.Build.0 = Release|Any CPU
	EndGlobalSection
	GlobalSection(SolutionProperties) = preSolution
		HideSolutionNode = FALSE
	EndGlobalSection
	GlobalSection(ExtensibilityGlobals) = postSolution
		SolutionGuid = {9187274B-9AD8-4BDD-9A17-19345E9E19BB}
	EndGlobalSection
EndGlobal
